
Microsoft Visual Studio Solution File, Format Version 12.00
# Visual Studio Version 17
VisualStudioVersion = 17.7.34221.43
MinimumVisualStudioVersion = 10.0.40219.1
Project("{FAE04EC0-301F-11D3-BF4B-00C04F79EFBC}") = "WebApi", "WebApi\WebApi.csproj", "{C9245381-5543-47C2-96EC-9163ED7C4296}"
EndProject
Global
	GlobalSection(SolutionConfigurationPlatforms) = preSolution
		Debug|Any CPU = Debug|Any CPU
		Release|Any CPU = Release|Any CPU
	EndGlobalSection
	GlobalSection(ProjectConfigurationPlatforms) = postSolution
		{C9245381-5543-47C2-96EC-9163ED7C4296}.Debug|Any CPU.ActiveCfg = Debug|Any CPU
		{C9245381-5543-47C2-96EC-9163ED7C4296}.Debug|Any CPU.Build.0 = Debug|Any CPU
		{C9245381-5543-47C2-96EC-9163ED7C4296}.Release|Any CPU.ActiveCfg = Release|Any CPU
		{C9245381-5543-47C2-96EC-9163ED7C4296}.Release|Any CPU.Build.0 = Release|Any CPU
	EndGlobalSection
	GlobalSection(SolutionProperties) = preSolution
		HideSolutionNode = FALSE
	EndGlobalSection
	GlobalSection(ExtensibilityGlobals) = postSolution
		SolutionGuid = {FFAF9978-83C8-4A23-B1E7-AFCA7480C316}
	EndGlobalSection
EndGlobal
